// !$*UTF8*$!
{
	archiveVersion = 1;
	classes = {
	};
	objectVersion = 45;
	objects = {

/* Begin PBXBuildFile section */
		0014F1420F324FFE00A5AFF9 /* OAuthGateway.m in Sources */ = {isa = PBXBuildFile; fileRef = 0014F1410F324FFE00A5AFF9 /* OAuthGateway.m */; };
		0014F14A0F32544400A5AFF9 /* APIGateway.m in Sources */ = {isa = PBXBuildFile; fileRef = 0014F1490F32544400A5AFF9 /* APIGateway.m */; };
		0014F2360F32621300A5AFF9 /* DataSettings.m in Sources */ = {isa = PBXBuildFile; fileRef = 0014F2350F32621300A5AFF9 /* DataSettings.m */; };
		0015208E0F38ED960037A2C8 /* SettingsHomeFeed.m in Sources */ = {isa = PBXBuildFile; fileRef = 0015208D0F38ED960037A2C8 /* SettingsHomeFeed.m */; };
		0023CE7C0F2FE2FE00E113B8 /* DirectoryViewController.m in Sources */ = {isa = PBXBuildFile; fileRef = 0023CE7B0F2FE2FE00E113B8 /* DirectoryViewController.m */; };
		0023CE820F2FE45300E113B8 /* SettingsViewController.m in Sources */ = {isa = PBXBuildFile; fileRef = 0023CE810F2FE45300E113B8 /* SettingsViewController.m */; };
		0037FE0C0F31270D00A6A599 /* NSMutableURLRequest+Parameters.m in Sources */ = {isa = PBXBuildFile; fileRef = 0037FDF50F31270D00A6A599 /* NSMutableURLRequest+Parameters.m */; };
		0037FE0D0F31270D00A6A599 /* NSString+URLEncoding.m in Sources */ = {isa = PBXBuildFile; fileRef = 0037FDF70F31270D00A6A599 /* NSString+URLEncoding.m */; };
		0037FE0E0F31270D00A6A599 /* NSURL+Base.m in Sources */ = {isa = PBXBuildFile; fileRef = 0037FDF90F31270D00A6A599 /* NSURL+Base.m */; };
		0037FE0F0F31270D00A6A599 /* OAConsumer.m in Sources */ = {isa = PBXBuildFile; fileRef = 0037FDFB0F31270D00A6A599 /* OAConsumer.m */; };
		0037FE100F31270D00A6A599 /* OADataFetcher.m in Sources */ = {isa = PBXBuildFile; fileRef = 0037FDFD0F31270D00A6A599 /* OADataFetcher.m */; };
		0037FE110F31270D00A6A599 /* OAHMAC_SHA1SignatureProvider.m in Sources */ = {isa = PBXBuildFile; fileRef = 0037FDFF0F31270D00A6A599 /* OAHMAC_SHA1SignatureProvider.m */; };
		0037FE120F31270D00A6A599 /* OAMutableURLRequest.m in Sources */ = {isa = PBXBuildFile; fileRef = 0037FE010F31270D00A6A599 /* OAMutableURLRequest.m */; };
		0037FE130F31270D00A6A599 /* OAPlaintextSignatureProvider.m in Sources */ = {isa = PBXBuildFile; fileRef = 0037FE030F31270D00A6A599 /* OAPlaintextSignatureProvider.m */; };
		0037FE140F31270D00A6A599 /* OARequestParameter.m in Sources */ = {isa = PBXBuildFile; fileRef = 0037FE050F31270D00A6A599 /* OARequestParameter.m */; };
		0037FE150F31270D00A6A599 /* OAServiceTicket.m in Sources */ = {isa = PBXBuildFile; fileRef = 0037FE070F31270D00A6A599 /* OAServiceTicket.m */; };
		0037FE160F31270D00A6A599 /* OAToken.m in Sources */ = {isa = PBXBuildFile; fileRef = 0037FE0A0F31270D00A6A599 /* OAToken.m */; };
		0037FE570F3128F600A6A599 /* Security.framework in Frameworks */ = {isa = PBXBuildFile; fileRef = 0037FE560F3128F600A6A599 /* Security.framework */; };
		0037FE600F31290800A6A599 /* Base64Transcoder.c in Sources */ = {isa = PBXBuildFile; fileRef = 0037FE5A0F31290800A6A599 /* Base64Transcoder.c */; };
		0037FE610F31290800A6A599 /* hmac.c in Sources */ = {isa = PBXBuildFile; fileRef = 0037FE5C0F31290800A6A599 /* hmac.c */; };
		0037FE620F31290800A6A599 /* sha1.c in Sources */ = {isa = PBXBuildFile; fileRef = 0037FE5E0F31290800A6A599 /* sha1.c */; };
		004A38580F37668A0086C2A6 /* OAuthPostMultipart.m in Sources */ = {isa = PBXBuildFile; fileRef = 004A38570F37668A0086C2A6 /* OAuthPostMultipart.m */; };
		004A388F0F3773990086C2A6 /* MessageViewController.m in Sources */ = {isa = PBXBuildFile; fileRef = 004A388E0F3773990086C2A6 /* MessageViewController.m */; };
		004A38BC0F377EB90086C2A6 /* MessageWebView.m in Sources */ = {isa = PBXBuildFile; fileRef = 004A38BB0F377EB90086C2A6 /* MessageWebView.m */; };
		006335C10F30F08600B4F38F /* NSObject+SBJSON.m in Sources */ = {isa = PBXBuildFile; fileRef = 006335BC0F30F08600B4F38F /* NSObject+SBJSON.m */; };
		006335C20F30F08600B4F38F /* NSString+SBJSON.m in Sources */ = {isa = PBXBuildFile; fileRef = 006335BE0F30F08600B4F38F /* NSString+SBJSON.m */; };
		006335C30F30F08600B4F38F /* SBJSON.m in Sources */ = {isa = PBXBuildFile; fileRef = 006335C00F30F08600B4F38F /* SBJSON.m */; };
		006335F20F30F9D500B4F38F /* SpinnerViewController.m in Sources */ = {isa = PBXBuildFile; fileRef = 006335F10F30F9D500B4F38F /* SpinnerViewController.m */; };
		0063362C0F31160C00B4F38F /* FeedsTableDataSource.m in Sources */ = {isa = PBXBuildFile; fileRef = 0063362B0F31160C00B4F38F /* FeedsTableDataSource.m */; };
		0077C1BE0F9FD1290097605D /* Entitlements.plist in Resources */ = {isa = PBXBuildFile; fileRef = 0077C1BD0F9FD1290097605D /* Entitlements.plist */; };
		007BE6390F336CE5006C79D1 /* DirectoryTableDataSource.m in Sources */ = {isa = PBXBuildFile; fileRef = 007BE6380F336CE5006C79D1 /* DirectoryTableDataSource.m */; };
		0080512E0F3371BC00592204 /* ImageCache.m in Sources */ = {isa = PBXBuildFile; fileRef = 0080512D0F3371BC00592204 /* ImageCache.m */; };
		00808FBF0F37ABA8004AB665 /* thread_gray.png in Resources */ = {isa = PBXBuildFile; fileRef = 00808FBD0F37ABA8004AB665 /* thread_gray.png */; };
		00808FC00F37ABA8004AB665 /* user_gray.png in Resources */ = {isa = PBXBuildFile; fileRef = 00808FBE0F37ABA8004AB665 /* user_gray.png */; };
		00808FC70F37AD0D004AB665 /* ReplyViewController.m in Sources */ = {isa = PBXBuildFile; fileRef = 00808FC60F37AD0D004AB665 /* ReplyViewController.m */; };
		008EBC570F439F85000A6C6D /* lock.png in Resources */ = {isa = PBXBuildFile; fileRef = 008EBC560F439F85000A6C6D /* lock.png */; };
		009BA0670F33EAC000C6A098 /* NSDate-Ago.m in Sources */ = {isa = PBXBuildFile; fileRef = 009BA0660F33EAC000C6A098 /* NSDate-Ago.m */; };
		009BA07A0F33ED6600C6A098 /* paperclip.png in Resources */ = {isa = PBXBuildFile; fileRef = 009BA0790F33ED6600C6A098 /* paperclip.png */; };
		009C14E10F2FDB5400489B43 /* Icon.png in Resources */ = {isa = PBXBuildFile; fileRef = 009C14E00F2FDB5400489B43 /* Icon.png */; };
		009C150F0F2FE00500489B43 /* FeedsViewController.m in Sources */ = {isa = PBXBuildFile; fileRef = 009C150E0F2FE00500489B43 /* FeedsViewController.m */; };
		009C15130F2FE16800489B43 /* directory.png in Resources */ = {isa = PBXBuildFile; fileRef = 009C15100F2FE16800489B43 /* directory.png */; };
		009C15140F2FE16800489B43 /* feeds.png in Resources */ = {isa = PBXBuildFile; fileRef = 009C15110F2FE16800489B43 /* feeds.png */; };
		009C15150F2FE16800489B43 /* settings.png in Resources */ = {isa = PBXBuildFile; fileRef = 009C15120F2FE16800489B43 /* settings.png */; };
		00A5BF97100B8D9800E18AA5 /* SettingsPush.m in Sources */ = {isa = PBXBuildFile; fileRef = 00A5BF96100B8D9800E18AA5 /* SettingsPush.m */; };
		00AFB6260F363E6C008E2C74 /* OAuthPostURLEncoded.m in Sources */ = {isa = PBXBuildFile; fileRef = 00AFB6250F363E6C008E2C74 /* OAuthPostURLEncoded.m */; };
		00B4645B100CDABF00A62118 /* DataSettingsHomeFeed.m in Sources */ = {isa = PBXBuildFile; fileRef = 00B46458100CDABF00A62118 /* DataSettingsHomeFeed.m */; };
		00B4645C100CDABF00A62118 /* DataSettingsPush.m in Sources */ = {isa = PBXBuildFile; fileRef = 00B4645A100CDABF00A62118 /* DataSettingsPush.m */; };
		00B48D7D0F38FFC100499D40 /* no_photo_small.png in Resources */ = {isa = PBXBuildFile; fileRef = 00B48D7C0F38FFC100499D40 /* no_photo_small.png */; };
		00B48DEB0F3913B200499D40 /* dist.plist in Resources */ = {isa = PBXBuildFile; fileRef = 00B48DEA0F3913B200499D40 /* dist.plist */; };
		00CACAD40F3380870010886C /* DirectoryUserProfile.m in Sources */ = {isa = PBXBuildFile; fileRef = 00CACAD30F3380870010886C /* DirectoryUserProfile.m */; };
		00CACB0B0F3384460010886C /* DirectoryUserDataSource.m in Sources */ = {isa = PBXBuildFile; fileRef = 00CACB0A0F3384460010886C /* DirectoryUserDataSource.m */; };
		00CD2BBA0F37950F002714AD /* arrow_down.png in Resources */ = {isa = PBXBuildFile; fileRef = 00CD2BB80F37950F002714AD /* arrow_down.png */; };
		00CD2BBB0F37950F002714AD /* arrow_up.png in Resources */ = {isa = PBXBuildFile; fileRef = 00CD2BB90F37950F002714AD /* arrow_up.png */; };
		00D050D90FFD4D4E00CEF89D /* yammer_sound.wav in Resources */ = {isa = PBXBuildFile; fileRef = 00D050D80FFD4D4E00CEF89D /* yammer_sound.wav */; };
		00D2B18C0F3398AD00551085 /* FeedMessageList.m in Sources */ = {isa = PBXBuildFile; fileRef = 00D2B18B0F3398AD00551085 /* FeedMessageList.m */; };
		00D2B18F0F339A5800551085 /* FeedDataSource.m in Sources */ = {isa = PBXBuildFile; fileRef = 00D2B18E0F339A5800551085 /* FeedDataSource.m */; };
		00D521590F2FBDFA00FB3A8A /* yammer_header.png in Resources */ = {isa = PBXBuildFile; fileRef = 00D521580F2FBDFA00FB3A8A /* yammer_header.png */; };
		00D5216B0F2FC03B00FB3A8A /* LocalStorage.m in Sources */ = {isa = PBXBuildFile; fileRef = 00D5216A0F2FC03B00FB3A8A /* LocalStorage.m */; };
		00D5218D0F2FC42800FB3A8A /* MainTabBarController.m in Sources */ = {isa = PBXBuildFile; fileRef = 00D5218C0F2FC42800FB3A8A /* MainTabBarController.m */; };
		00D5229B0F2FD3E800FB3A8A /* home.png in Resources */ = {isa = PBXBuildFile; fileRef = 00D522990F2FD3E800FB3A8A /* home.png */; };
		00D5229C0F2FD3E800FB3A8A /* title.png in Resources */ = {isa = PBXBuildFile; fileRef = 00D5229A0F2FD3E800FB3A8A /* title.png */; };
		00DCE7E00F30D94C0020F864 /* Default.png in Resources */ = {isa = PBXBuildFile; fileRef = 00DCE7DF0F30D94C0020F864 /* Default.png */; };
		00E1A98E0F328F6D005D7E18 /* SettingsAdvancedOptions.m in Sources */ = {isa = PBXBuildFile; fileRef = 00E1A98D0F328F6D005D7E18 /* SettingsAdvancedOptions.m */; };
		00F8063E0F33AEB00004DDA2 /* MessageTableCell.m in Sources */ = {isa = PBXBuildFile; fileRef = 00F8063D0F33AEB00004DDA2 /* MessageTableCell.m */; };
		1D3623260D0F684500981E51 /* YammerAppDelegate.m in Sources */ = {isa = PBXBuildFile; fileRef = 1D3623250D0F684500981E51 /* YammerAppDelegate.m */; };
		1D60589B0D05DD56006BFB54 /* main.m in Sources */ = {isa = PBXBuildFile; fileRef = 29B97316FDCFA39411CA2CEA /* main.m */; };
		1D60589F0D05DD5A006BFB54 /* Foundation.framework in Frameworks */ = {isa = PBXBuildFile; fileRef = 1D30AB110D05D00D00671497 /* Foundation.framework */; };
		1DF5F4E00D08C38300B7A737 /* UIKit.framework in Frameworks */ = {isa = PBXBuildFile; fileRef = 1DF5F4DF0D08C38300B7A737 /* UIKit.framework */; };
		288765FD0DF74451002DB57D /* CoreGraphics.framework in Frameworks */ = {isa = PBXBuildFile; fileRef = 288765FC0DF74451002DB57D /* CoreGraphics.framework */; };
		28AD733F0D9D9553002E5188 /* MainWindow.xib in Resources */ = {isa = PBXBuildFile; fileRef = 28AD733E0D9D9553002E5188 /* MainWindow.xib */; };
/* End PBXBuildFile section */

/* Begin PBXFileReference section */
		0014F13F0F324FFE00A5AFF9 /* OAuthCustom.h */ = {isa = PBXFileReference; fileEncoding = 4; lastKnownFileType = sourcecode.c.h; name = OAuthCustom.h; path = Util/OAuthCustom.h; sourceTree = "<group>"; };
		0014F1400F324FFE00A5AFF9 /* OAuthGateway.h */ = {isa = PBXFileReference; fileEncoding = 4; lastKnownFileType = sourcecode.c.h; name = OAuthGateway.h; path = Util/OAuthGateway.h; sourceTree = "<group>"; };
		0014F1410F324FFE00A5AFF9 /* OAuthGateway.m */ = {isa = PBXFileReference; fileEncoding = 4; lastKnownFileType = sourcecode.c.objc; name = OAuthGateway.m; path = Util/OAuthGateway.m; sourceTree = "<group>"; };
		0014F1480F32544400A5AFF9 /* APIGateway.h */ = {isa = PBXFileReference; fileEncoding = 4; lastKnownFileType = sourcecode.c.h; name = APIGateway.h; path = Util/APIGateway.h; sourceTree = "<group>"; };
		0014F1490F32544400A5AFF9 /* APIGateway.m */ = {isa = PBXFileReference; fileEncoding = 4; lastKnownFileType = sourcecode.c.objc; name = APIGateway.m; path = Util/APIGateway.m; sourceTree = "<group>"; };
		0014F2340F32621300A5AFF9 /* DataSettings.h */ = {isa = PBXFileReference; fileEncoding = 4; lastKnownFileType = sourcecode.c.h; name = DataSettings.h; path = DataSource/DataSettings.h; sourceTree = "<group>"; };
		0014F2350F32621300A5AFF9 /* DataSettings.m */ = {isa = PBXFileReference; fileEncoding = 4; lastKnownFileType = sourcecode.c.objc; name = DataSettings.m; path = DataSource/DataSettings.m; sourceTree = "<group>"; };
		0015208C0F38ED960037A2C8 /* SettingsHomeFeed.h */ = {isa = PBXFileReference; fileEncoding = 4; lastKnownFileType = sourcecode.c.h; name = SettingsHomeFeed.h; path = Controller/SettingsHomeFeed.h; sourceTree = "<group>"; };
		0015208D0F38ED960037A2C8 /* SettingsHomeFeed.m */ = {isa = PBXFileReference; fileEncoding = 4; lastKnownFileType = sourcecode.c.objc; name = SettingsHomeFeed.m; path = Controller/SettingsHomeFeed.m; sourceTree = "<group>"; };
		0023CE7A0F2FE2FE00E113B8 /* DirectoryViewController.h */ = {isa = PBXFileReference; fileEncoding = 4; lastKnownFileType = sourcecode.c.h; name = DirectoryViewController.h; path = Controller/DirectoryViewController.h; sourceTree = "<group>"; };
		0023CE7B0F2FE2FE00E113B8 /* DirectoryViewController.m */ = {isa = PBXFileReference; fileEncoding = 4; lastKnownFileType = sourcecode.c.objc; name = DirectoryViewController.m; path = Controller/DirectoryViewController.m; sourceTree = "<group>"; };
		0023CE800F2FE45300E113B8 /* SettingsViewController.h */ = {isa = PBXFileReference; fileEncoding = 4; lastKnownFileType = sourcecode.c.h; name = SettingsViewController.h; path = Controller/SettingsViewController.h; sourceTree = "<group>"; };
		0023CE810F2FE45300E113B8 /* SettingsViewController.m */ = {isa = PBXFileReference; fileEncoding = 4; lastKnownFileType = sourcecode.c.objc; name = SettingsViewController.m; path = Controller/SettingsViewController.m; sourceTree = "<group>"; };
		0037FDF40F31270D00A6A599 /* NSMutableURLRequest+Parameters.h */ = {isa = PBXFileReference; fileEncoding = 4; lastKnownFileType = sourcecode.c.h; name = "NSMutableURLRequest+Parameters.h"; path = "OAuth/NSMutableURLRequest+Parameters.h"; sourceTree = "<group>"; };
		0037FDF50F31270D00A6A599 /* NSMutableURLRequest+Parameters.m */ = {isa = PBXFileReference; fileEncoding = 4; lastKnownFileType = sourcecode.c.objc; name = "NSMutableURLRequest+Parameters.m"; path = "OAuth/NSMutableURLRequest+Parameters.m"; sourceTree = "<group>"; };
		0037FDF60F31270D00A6A599 /* NSString+URLEncoding.h */ = {isa = PBXFileReference; fileEncoding = 4; lastKnownFileType = sourcecode.c.h; name = "NSString+URLEncoding.h"; path = "OAuth/NSString+URLEncoding.h"; sourceTree = "<group>"; };
		0037FDF70F31270D00A6A599 /* NSString+URLEncoding.m */ = {isa = PBXFileReference; fileEncoding = 4; lastKnownFileType = sourcecode.c.objc; name = "NSString+URLEncoding.m"; path = "OAuth/NSString+URLEncoding.m"; sourceTree = "<group>"; };
		0037FDF80F31270D00A6A599 /* NSURL+Base.h */ = {isa = PBXFileReference; fileEncoding = 4; lastKnownFileType = sourcecode.c.h; name = "NSURL+Base.h"; path = "OAuth/NSURL+Base.h"; sourceTree = "<group>"; };
		0037FDF90F31270D00A6A599 /* NSURL+Base.m */ = {isa = PBXFileReference; fileEncoding = 4; lastKnownFileType = sourcecode.c.objc; name = "NSURL+Base.m"; path = "OAuth/NSURL+Base.m"; sourceTree = "<group>"; };
		0037FDFA0F31270D00A6A599 /* OAConsumer.h */ = {isa = PBXFileReference; fileEncoding = 4; lastKnownFileType = sourcecode.c.h; name = OAConsumer.h; path = OAuth/OAConsumer.h; sourceTree = "<group>"; };
		0037FDFB0F31270D00A6A599 /* OAConsumer.m */ = {isa = PBXFileReference; fileEncoding = 4; lastKnownFileType = sourcecode.c.objc; name = OAConsumer.m; path = OAuth/OAConsumer.m; sourceTree = "<group>"; };
		0037FDFC0F31270D00A6A599 /* OADataFetcher.h */ = {isa = PBXFileReference; fileEncoding = 4; lastKnownFileType = sourcecode.c.h; name = OADataFetcher.h; path = OAuth/OADataFetcher.h; sourceTree = "<group>"; };
		0037FDFD0F31270D00A6A599 /* OADataFetcher.m */ = {isa = PBXFileReference; fileEncoding = 4; lastKnownFileType = sourcecode.c.objc; name = OADataFetcher.m; path = OAuth/OADataFetcher.m; sourceTree = "<group>"; };
		0037FDFE0F31270D00A6A599 /* OAHMAC_SHA1SignatureProvider.h */ = {isa = PBXFileReference; fileEncoding = 4; lastKnownFileType = sourcecode.c.h; name = OAHMAC_SHA1SignatureProvider.h; path = OAuth/OAHMAC_SHA1SignatureProvider.h; sourceTree = "<group>"; };
		0037FDFF0F31270D00A6A599 /* OAHMAC_SHA1SignatureProvider.m */ = {isa = PBXFileReference; fileEncoding = 4; lastKnownFileType = sourcecode.c.objc; name = OAHMAC_SHA1SignatureProvider.m; path = OAuth/OAHMAC_SHA1SignatureProvider.m; sourceTree = "<group>"; };
		0037FE000F31270D00A6A599 /* OAMutableURLRequest.h */ = {isa = PBXFileReference; fileEncoding = 4; lastKnownFileType = sourcecode.c.h; name = OAMutableURLRequest.h; path = OAuth/OAMutableURLRequest.h; sourceTree = "<group>"; };
		0037FE010F31270D00A6A599 /* OAMutableURLRequest.m */ = {isa = PBXFileReference; fileEncoding = 4; lastKnownFileType = sourcecode.c.objc; name = OAMutableURLRequest.m; path = OAuth/OAMutableURLRequest.m; sourceTree = "<group>"; };
		0037FE020F31270D00A6A599 /* OAPlaintextSignatureProvider.h */ = {isa = PBXFileReference; fileEncoding = 4; lastKnownFileType = sourcecode.c.h; name = OAPlaintextSignatureProvider.h; path = OAuth/OAPlaintextSignatureProvider.h; sourceTree = "<group>"; };
		0037FE030F31270D00A6A599 /* OAPlaintextSignatureProvider.m */ = {isa = PBXFileReference; fileEncoding = 4; lastKnownFileType = sourcecode.c.objc; name = OAPlaintextSignatureProvider.m; path = OAuth/OAPlaintextSignatureProvider.m; sourceTree = "<group>"; };
		0037FE040F31270D00A6A599 /* OARequestParameter.h */ = {isa = PBXFileReference; fileEncoding = 4; lastKnownFileType = sourcecode.c.h; name = OARequestParameter.h; path = OAuth/OARequestParameter.h; sourceTree = "<group>"; };
		0037FE050F31270D00A6A599 /* OARequestParameter.m */ = {isa = PBXFileReference; fileEncoding = 4; lastKnownFileType = sourcecode.c.objc; name = OARequestParameter.m; path = OAuth/OARequestParameter.m; sourceTree = "<group>"; };
		0037FE060F31270D00A6A599 /* OAServiceTicket.h */ = {isa = PBXFileReference; fileEncoding = 4; lastKnownFileType = sourcecode.c.h; name = OAServiceTicket.h; path = OAuth/OAServiceTicket.h; sourceTree = "<group>"; };
		0037FE070F31270D00A6A599 /* OAServiceTicket.m */ = {isa = PBXFileReference; fileEncoding = 4; lastKnownFileType = sourcecode.c.objc; name = OAServiceTicket.m; path = OAuth/OAServiceTicket.m; sourceTree = "<group>"; };
		0037FE080F31270D00A6A599 /* OASignatureProviding.h */ = {isa = PBXFileReference; fileEncoding = 4; lastKnownFileType = sourcecode.c.h; name = OASignatureProviding.h; path = OAuth/OASignatureProviding.h; sourceTree = "<group>"; };
		0037FE090F31270D00A6A599 /* OAToken.h */ = {isa = PBXFileReference; fileEncoding = 4; lastKnownFileType = sourcecode.c.h; name = OAToken.h; path = OAuth/OAToken.h; sourceTree = "<group>"; };
		0037FE0A0F31270D00A6A599 /* OAToken.m */ = {isa = PBXFileReference; fileEncoding = 4; lastKnownFileType = sourcecode.c.objc; name = OAToken.m; path = OAuth/OAToken.m; sourceTree = "<group>"; };
		0037FE0B0F31270D00A6A599 /* OAuthConsumer.h */ = {isa = PBXFileReference; fileEncoding = 4; lastKnownFileType = sourcecode.c.h; name = OAuthConsumer.h; path = OAuth/OAuthConsumer.h; sourceTree = "<group>"; };
		0037FE560F3128F600A6A599 /* Security.framework */ = {isa = PBXFileReference; lastKnownFileType = wrapper.framework; name = Security.framework; path = /System/Library/Frameworks/Security.framework; sourceTree = "<absolute>"; };
		0037FE5A0F31290800A6A599 /* Base64Transcoder.c */ = {isa = PBXFileReference; fileEncoding = 4; lastKnownFileType = sourcecode.c.c; name = Base64Transcoder.c; path = OAuth/Base64Transcoder.c; sourceTree = "<group>"; };
		0037FE5B0F31290800A6A599 /* Base64Transcoder.h */ = {isa = PBXFileReference; fileEncoding = 4; lastKnownFileType = sourcecode.c.h; name = Base64Transcoder.h; path = OAuth/Base64Transcoder.h; sourceTree = "<group>"; };
		0037FE5C0F31290800A6A599 /* hmac.c */ = {isa = PBXFileReference; fileEncoding = 4; lastKnownFileType = sourcecode.c.c; name = hmac.c; path = OAuth/hmac.c; sourceTree = "<group>"; };
		0037FE5D0F31290800A6A599 /* hmac.h */ = {isa = PBXFileReference; fileEncoding = 4; lastKnownFileType = sourcecode.c.h; name = hmac.h; path = OAuth/hmac.h; sourceTree = "<group>"; };
		0037FE5E0F31290800A6A599 /* sha1.c */ = {isa = PBXFileReference; fileEncoding = 4; lastKnownFileType = sourcecode.c.c; name = sha1.c; path = OAuth/sha1.c; sourceTree = "<group>"; };
		0037FE5F0F31290800A6A599 /* sha1.h */ = {isa = PBXFileReference; fileEncoding = 4; lastKnownFileType = sourcecode.c.h; name = sha1.h; path = OAuth/sha1.h; sourceTree = "<group>"; };
		004A38560F37668A0086C2A6 /* OAuthPostMultipart.h */ = {isa = PBXFileReference; fileEncoding = 4; lastKnownFileType = sourcecode.c.h; name = OAuthPostMultipart.h; path = Util/OAuthPostMultipart.h; sourceTree = "<group>"; };
		004A38570F37668A0086C2A6 /* OAuthPostMultipart.m */ = {isa = PBXFileReference; fileEncoding = 4; lastKnownFileType = sourcecode.c.objc; name = OAuthPostMultipart.m; path = Util/OAuthPostMultipart.m; sourceTree = "<group>"; };
		004A388D0F3773990086C2A6 /* MessageViewController.h */ = {isa = PBXFileReference; fileEncoding = 4; lastKnownFileType = sourcecode.c.h; name = MessageViewController.h; path = Controller/MessageViewController.h; sourceTree = "<group>"; };
		004A388E0F3773990086C2A6 /* MessageViewController.m */ = {isa = PBXFileReference; fileEncoding = 4; lastKnownFileType = sourcecode.c.objc; name = MessageViewController.m; path = Controller/MessageViewController.m; sourceTree = "<group>"; };
		004A38BA0F377EB90086C2A6 /* MessageWebView.h */ = {isa = PBXFileReference; fileEncoding = 4; lastKnownFileType = sourcecode.c.h; name = MessageWebView.h; path = Interface/MessageWebView.h; sourceTree = "<group>"; };
		004A38BB0F377EB90086C2A6 /* MessageWebView.m */ = {isa = PBXFileReference; fileEncoding = 4; lastKnownFileType = sourcecode.c.objc; name = MessageWebView.m; path = Interface/MessageWebView.m; sourceTree = "<group>"; };
		006335BA0F30F08600B4F38F /* JSON.h */ = {isa = PBXFileReference; fileEncoding = 4; lastKnownFileType = sourcecode.c.h; name = JSON.h; path = JSON/JSON.h; sourceTree = "<group>"; };
		006335BB0F30F08600B4F38F /* NSObject+SBJSON.h */ = {isa = PBXFileReference; fileEncoding = 4; lastKnownFileType = sourcecode.c.h; name = "NSObject+SBJSON.h"; path = "JSON/NSObject+SBJSON.h"; sourceTree = "<group>"; };
		006335BC0F30F08600B4F38F /* NSObject+SBJSON.m */ = {isa = PBXFileReference; fileEncoding = 4; lastKnownFileType = sourcecode.c.objc; name = "NSObject+SBJSON.m"; path = "JSON/NSObject+SBJSON.m"; sourceTree = "<group>"; };
		006335BD0F30F08600B4F38F /* NSString+SBJSON.h */ = {isa = PBXFileReference; fileEncoding = 4; lastKnownFileType = sourcecode.c.h; name = "NSString+SBJSON.h"; path = "JSON/NSString+SBJSON.h"; sourceTree = "<group>"; };
		006335BE0F30F08600B4F38F /* NSString+SBJSON.m */ = {isa = PBXFileReference; fileEncoding = 4; lastKnownFileType = sourcecode.c.objc; name = "NSString+SBJSON.m"; path = "JSON/NSString+SBJSON.m"; sourceTree = "<group>"; };
		006335BF0F30F08600B4F38F /* SBJSON.h */ = {isa = PBXFileReference; fileEncoding = 4; lastKnownFileType = sourcecode.c.h; name = SBJSON.h; path = JSON/SBJSON.h; sourceTree = "<group>"; };
		006335C00F30F08600B4F38F /* SBJSON.m */ = {isa = PBXFileReference; fileEncoding = 4; lastKnownFileType = sourcecode.c.objc; name = SBJSON.m; path = JSON/SBJSON.m; sourceTree = "<group>"; };
		006335F00F30F9D500B4F38F /* SpinnerViewController.h */ = {isa = PBXFileReference; fileEncoding = 4; lastKnownFileType = sourcecode.c.h; name = SpinnerViewController.h; path = Controller/SpinnerViewController.h; sourceTree = "<group>"; };
		006335F10F30F9D500B4F38F /* SpinnerViewController.m */ = {isa = PBXFileReference; fileEncoding = 4; lastKnownFileType = sourcecode.c.objc; name = SpinnerViewController.m; path = Controller/SpinnerViewController.m; sourceTree = "<group>"; };
		0063362A0F31160C00B4F38F /* FeedsTableDataSource.h */ = {isa = PBXFileReference; fileEncoding = 4; lastKnownFileType = sourcecode.c.h; name = FeedsTableDataSource.h; path = DataSource/FeedsTableDataSource.h; sourceTree = "<group>"; };
		0063362B0F31160C00B4F38F /* FeedsTableDataSource.m */ = {isa = PBXFileReference; fileEncoding = 4; lastKnownFileType = sourcecode.c.objc; name = FeedsTableDataSource.m; path = DataSource/FeedsTableDataSource.m; sourceTree = "<group>"; };
		0077C1BD0F9FD1290097605D /* Entitlements.plist */ = {isa = PBXFileReference; fileEncoding = 4; lastKnownFileType = text.plist.xml; path = Entitlements.plist; sourceTree = "<group>"; };
		007BE6370F336CE5006C79D1 /* DirectoryTableDataSource.h */ = {isa = PBXFileReference; fileEncoding = 4; lastKnownFileType = sourcecode.c.h; name = DirectoryTableDataSource.h; path = DataSource/DirectoryTableDataSource.h; sourceTree = "<group>"; };
		007BE6380F336CE5006C79D1 /* DirectoryTableDataSource.m */ = {isa = PBXFileReference; fileEncoding = 4; lastKnownFileType = sourcecode.c.objc; name = DirectoryTableDataSource.m; path = DataSource/DirectoryTableDataSource.m; sourceTree = "<group>"; };
		0080512C0F3371BC00592204 /* ImageCache.h */ = {isa = PBXFileReference; fileEncoding = 4; lastKnownFileType = sourcecode.c.h; name = ImageCache.h; path = Util/ImageCache.h; sourceTree = "<group>"; };
		0080512D0F3371BC00592204 /* ImageCache.m */ = {isa = PBXFileReference; fileEncoding = 4; lastKnownFileType = sourcecode.c.objc; name = ImageCache.m; path = Util/ImageCache.m; sourceTree = "<group>"; };
		00808FBD0F37ABA8004AB665 /* thread_gray.png */ = {isa = PBXFileReference; lastKnownFileType = image.png; name = thread_gray.png; path = Images/thread_gray.png; sourceTree = "<group>"; };
		00808FBE0F37ABA8004AB665 /* user_gray.png */ = {isa = PBXFileReference; lastKnownFileType = image.png; name = user_gray.png; path = Images/user_gray.png; sourceTree = "<group>"; };
		00808FC50F37AD0D004AB665 /* ReplyViewController.h */ = {isa = PBXFileReference; fileEncoding = 4; lastKnownFileType = sourcecode.c.h; name = ReplyViewController.h; path = Controller/ReplyViewController.h; sourceTree = "<group>"; };
		00808FC60F37AD0D004AB665 /* ReplyViewController.m */ = {isa = PBXFileReference; fileEncoding = 4; lastKnownFileType = sourcecode.c.objc; name = ReplyViewController.m; path = Controller/ReplyViewController.m; sourceTree = "<group>"; };
		008EBC560F439F85000A6C6D /* lock.png */ = {isa = PBXFileReference; lastKnownFileType = image.png; name = lock.png; path = Images/lock.png; sourceTree = "<group>"; };
		009BA0650F33EAC000C6A098 /* NSDate-Ago.h */ = {isa = PBXFileReference; fileEncoding = 4; lastKnownFileType = sourcecode.c.h; name = "NSDate-Ago.h"; path = "Util/NSDate-Ago.h"; sourceTree = "<group>"; };
		009BA0660F33EAC000C6A098 /* NSDate-Ago.m */ = {isa = PBXFileReference; fileEncoding = 4; lastKnownFileType = sourcecode.c.objc; name = "NSDate-Ago.m"; path = "Util/NSDate-Ago.m"; sourceTree = "<group>"; };
		009BA0790F33ED6600C6A098 /* paperclip.png */ = {isa = PBXFileReference; lastKnownFileType = image.png; name = paperclip.png; path = Images/paperclip.png; sourceTree = "<group>"; };
		009C14E00F2FDB5400489B43 /* Icon.png */ = {isa = PBXFileReference; lastKnownFileType = image.png; path = Icon.png; sourceTree = "<group>"; };
		009C150D0F2FE00500489B43 /* FeedsViewController.h */ = {isa = PBXFileReference; fileEncoding = 4; lastKnownFileType = sourcecode.c.h; name = FeedsViewController.h; path = Controller/FeedsViewController.h; sourceTree = "<group>"; };
		009C150E0F2FE00500489B43 /* FeedsViewController.m */ = {isa = PBXFileReference; fileEncoding = 4; lastKnownFileType = sourcecode.c.objc; name = FeedsViewController.m; path = Controller/FeedsViewController.m; sourceTree = "<group>"; };
		009C15100F2FE16800489B43 /* directory.png */ = {isa = PBXFileReference; lastKnownFileType = image.png; name = directory.png; path = Images/directory.png; sourceTree = "<group>"; };
		009C15110F2FE16800489B43 /* feeds.png */ = {isa = PBXFileReference; lastKnownFileType = image.png; name = feeds.png; path = Images/feeds.png; sourceTree = "<group>"; };
		009C15120F2FE16800489B43 /* settings.png */ = {isa = PBXFileReference; lastKnownFileType = image.png; name = settings.png; path = Images/settings.png; sourceTree = "<group>"; };
		00A5BF95100B8D9800E18AA5 /* SettingsPush.h */ = {isa = PBXFileReference; fileEncoding = 4; lastKnownFileType = sourcecode.c.h; name = SettingsPush.h; path = Controller/SettingsPush.h; sourceTree = "<group>"; };
		00A5BF96100B8D9800E18AA5 /* SettingsPush.m */ = {isa = PBXFileReference; fileEncoding = 4; lastKnownFileType = sourcecode.c.objc; name = SettingsPush.m; path = Controller/SettingsPush.m; sourceTree = "<group>"; };
		00AFB6240F363E6C008E2C74 /* OAuthPostURLEncoded.h */ = {isa = PBXFileReference; fileEncoding = 4; lastKnownFileType = sourcecode.c.h; name = OAuthPostURLEncoded.h; path = Util/OAuthPostURLEncoded.h; sourceTree = "<group>"; };
		00AFB6250F363E6C008E2C74 /* OAuthPostURLEncoded.m */ = {isa = PBXFileReference; fileEncoding = 4; lastKnownFileType = sourcecode.c.objc; name = OAuthPostURLEncoded.m; path = Util/OAuthPostURLEncoded.m; sourceTree = "<group>"; };
		00B46457100CDABF00A62118 /* DataSettingsHomeFeed.h */ = {isa = PBXFileReference; fileEncoding = 4; lastKnownFileType = sourcecode.c.h; name = DataSettingsHomeFeed.h; path = DataSource/DataSettingsHomeFeed.h; sourceTree = "<group>"; };
		00B46458100CDABF00A62118 /* DataSettingsHomeFeed.m */ = {isa = PBXFileReference; fileEncoding = 4; lastKnownFileType = sourcecode.c.objc; name = DataSettingsHomeFeed.m; path = DataSource/DataSettingsHomeFeed.m; sourceTree = "<group>"; };
		00B46459100CDABF00A62118 /* DataSettingsPush.h */ = {isa = PBXFileReference; fileEncoding = 4; lastKnownFileType = sourcecode.c.h; name = DataSettingsPush.h; path = DataSource/DataSettingsPush.h; sourceTree = "<group>"; };
		00B4645A100CDABF00A62118 /* DataSettingsPush.m */ = {isa = PBXFileReference; fileEncoding = 4; lastKnownFileType = sourcecode.c.objc; name = DataSettingsPush.m; path = DataSource/DataSettingsPush.m; sourceTree = "<group>"; };
		00B48D7C0F38FFC100499D40 /* no_photo_small.png */ = {isa = PBXFileReference; lastKnownFileType = image.png; name = no_photo_small.png; path = Images/no_photo_small.png; sourceTree = "<group>"; };
		00B48DEA0F3913B200499D40 /* dist.plist */ = {isa = PBXFileReference; fileEncoding = 4; lastKnownFileType = text.plist.xml; path = dist.plist; sourceTree = "<group>"; };
		00CACAD20F3380870010886C /* DirectoryUserProfile.h */ = {isa = PBXFileReference; fileEncoding = 4; lastKnownFileType = sourcecode.c.h; name = DirectoryUserProfile.h; path = Controller/DirectoryUserProfile.h; sourceTree = "<group>"; };
		00CACAD30F3380870010886C /* DirectoryUserProfile.m */ = {isa = PBXFileReference; fileEncoding = 4; lastKnownFileType = sourcecode.c.objc; name = DirectoryUserProfile.m; path = Controller/DirectoryUserProfile.m; sourceTree = "<group>"; };
		00CACB090F3384460010886C /* DirectoryUserDataSource.h */ = {isa = PBXFileReference; fileEncoding = 4; lastKnownFileType = sourcecode.c.h; name = DirectoryUserDataSource.h; path = DataSource/DirectoryUserDataSource.h; sourceTree = "<group>"; };
		00CACB0A0F3384460010886C /* DirectoryUserDataSource.m */ = {isa = PBXFileReference; fileEncoding = 4; lastKnownFileType = sourcecode.c.objc; name = DirectoryUserDataSource.m; path = DataSource/DirectoryUserDataSource.m; sourceTree = "<group>"; };
		00CD2BB80F37950F002714AD /* arrow_down.png */ = {isa = PBXFileReference; lastKnownFileType = image.png; name = arrow_down.png; path = Images/arrow_down.png; sourceTree = "<group>"; };
		00CD2BB90F37950F002714AD /* arrow_up.png */ = {isa = PBXFileReference; lastKnownFileType = image.png; name = arrow_up.png; path = Images/arrow_up.png; sourceTree = "<group>"; };
		00D050D80FFD4D4E00CEF89D /* yammer_sound.wav */ = {isa = PBXFileReference; lastKnownFileType = audio.wav; name = yammer_sound.wav; path = ../yammerfox/chrome/content/yammer_sound.wav; sourceTree = SOURCE_ROOT; };
		00D2B18A0F3398AD00551085 /* FeedMessageList.h */ = {isa = PBXFileReference; fileEncoding = 4; lastKnownFileType = sourcecode.c.h; name = FeedMessageList.h; path = Controller/FeedMessageList.h; sourceTree = "<group>"; };
		00D2B18B0F3398AD00551085 /* FeedMessageList.m */ = {isa = PBXFileReference; fileEncoding = 4; lastKnownFileType = sourcecode.c.objc; name = FeedMessageList.m; path = Controller/FeedMessageList.m; sourceTree = "<group>"; };
		00D2B18D0F339A5800551085 /* FeedDataSource.h */ = {isa = PBXFileReference; fileEncoding = 4; lastKnownFileType = sourcecode.c.h; name = FeedDataSource.h; path = DataSource/FeedDataSource.h; sourceTree = "<group>"; };
		00D2B18E0F339A5800551085 /* FeedDataSource.m */ = {isa = PBXFileReference; fileEncoding = 4; lastKnownFileType = sourcecode.c.objc; name = FeedDataSource.m; path = DataSource/FeedDataSource.m; sourceTree = "<group>"; };
		00D521580F2FBDFA00FB3A8A /* yammer_header.png */ = {isa = PBXFileReference; lastKnownFileType = image.png; name = yammer_header.png; path = Images/yammer_header.png; sourceTree = "<group>"; };
		00D521690F2FC03B00FB3A8A /* LocalStorage.h */ = {isa = PBXFileReference; fileEncoding = 4; lastKnownFileType = sourcecode.c.h; name = LocalStorage.h; path = Util/LocalStorage.h; sourceTree = "<group>"; };
		00D5216A0F2FC03B00FB3A8A /* LocalStorage.m */ = {isa = PBXFileReference; fileEncoding = 4; lastKnownFileType = sourcecode.c.objc; name = LocalStorage.m; path = Util/LocalStorage.m; sourceTree = "<group>"; };
		00D5218B0F2FC42800FB3A8A /* MainTabBarController.h */ = {isa = PBXFileReference; fileEncoding = 4; lastKnownFileType = sourcecode.c.h; name = MainTabBarController.h; path = Controller/MainTabBarController.h; sourceTree = "<group>"; };
		00D5218C0F2FC42800FB3A8A /* MainTabBarController.m */ = {isa = PBXFileReference; fileEncoding = 4; lastKnownFileType = sourcecode.c.objc; name = MainTabBarController.m; path = Controller/MainTabBarController.m; sourceTree = "<group>"; };
		00D522990F2FD3E800FB3A8A /* home.png */ = {isa = PBXFileReference; lastKnownFileType = image.png; name = home.png; path = Images/home.png; sourceTree = "<group>"; };
		00D5229A0F2FD3E800FB3A8A /* title.png */ = {isa = PBXFileReference; lastKnownFileType = image.png; name = title.png; path = Images/title.png; sourceTree = "<group>"; };
		00DCE7DF0F30D94C0020F864 /* Default.png */ = {isa = PBXFileReference; lastKnownFileType = image.png; path = Default.png; sourceTree = "<group>"; };
		00E1A98C0F328F6D005D7E18 /* SettingsAdvancedOptions.h */ = {isa = PBXFileReference; fileEncoding = 4; lastKnownFileType = sourcecode.c.h; name = SettingsAdvancedOptions.h; path = Controller/SettingsAdvancedOptions.h; sourceTree = "<group>"; };
		00E1A98D0F328F6D005D7E18 /* SettingsAdvancedOptions.m */ = {isa = PBXFileReference; fileEncoding = 4; lastKnownFileType = sourcecode.c.objc; name = SettingsAdvancedOptions.m; path = Controller/SettingsAdvancedOptions.m; sourceTree = "<group>"; };
		00F8063C0F33AEB00004DDA2 /* MessageTableCell.h */ = {isa = PBXFileReference; fileEncoding = 4; lastKnownFileType = sourcecode.c.h; name = MessageTableCell.h; path = Interface/MessageTableCell.h; sourceTree = "<group>"; };
		00F8063D0F33AEB00004DDA2 /* MessageTableCell.m */ = {isa = PBXFileReference; fileEncoding = 4; lastKnownFileType = sourcecode.c.objc; name = MessageTableCell.m; path = Interface/MessageTableCell.m; sourceTree = "<group>"; };
		1D30AB110D05D00D00671497 /* Foundation.framework */ = {isa = PBXFileReference; lastKnownFileType = wrapper.framework; name = Foundation.framework; path = System/Library/Frameworks/Foundation.framework; sourceTree = SDKROOT; };
		1D3623240D0F684500981E51 /* YammerAppDelegate.h */ = {isa = PBXFileReference; fileEncoding = 4; lastKnownFileType = sourcecode.c.h; path = YammerAppDelegate.h; sourceTree = "<group>"; };
		1D3623250D0F684500981E51 /* YammerAppDelegate.m */ = {isa = PBXFileReference; fileEncoding = 4; lastKnownFileType = sourcecode.c.objc; path = YammerAppDelegate.m; sourceTree = "<group>"; };
		1D6058910D05DD3D006BFB54 /* Yammer.app */ = {isa = PBXFileReference; explicitFileType = wrapper.application; includeInIndex = 0; path = Yammer.app; sourceTree = BUILT_PRODUCTS_DIR; };
		1DF5F4DF0D08C38300B7A737 /* UIKit.framework */ = {isa = PBXFileReference; lastKnownFileType = wrapper.framework; name = UIKit.framework; path = System/Library/Frameworks/UIKit.framework; sourceTree = SDKROOT; };
		288765FC0DF74451002DB57D /* CoreGraphics.framework */ = {isa = PBXFileReference; lastKnownFileType = wrapper.framework; name = CoreGraphics.framework; path = System/Library/Frameworks/CoreGraphics.framework; sourceTree = SDKROOT; };
		28AD733E0D9D9553002E5188 /* MainWindow.xib */ = {isa = PBXFileReference; lastKnownFileType = file.xib; path = MainWindow.xib; sourceTree = "<group>"; };
		29B97316FDCFA39411CA2CEA /* main.m */ = {isa = PBXFileReference; fileEncoding = 4; lastKnownFileType = sourcecode.c.objc; path = main.m; sourceTree = "<group>"; };
		32CA4F630368D1EE00C91783 /* Yammer_Prefix.pch */ = {isa = PBXFileReference; fileEncoding = 4; lastKnownFileType = sourcecode.c.h; path = Yammer_Prefix.pch; sourceTree = "<group>"; };
		8D1107310486CEB800E47090 /* Info.plist */ = {isa = PBXFileReference; fileEncoding = 4; lastKnownFileType = text.plist.xml; path = Info.plist; sourceTree = "<group>"; };
/* End PBXFileReference section */

/* Begin PBXFrameworksBuildPhase section */
		1D60588F0D05DD3D006BFB54 /* Frameworks */ = {
			isa = PBXFrameworksBuildPhase;
			buildActionMask = 2147483647;
			files = (
				1D60589F0D05DD5A006BFB54 /* Foundation.framework in Frameworks */,
				1DF5F4E00D08C38300B7A737 /* UIKit.framework in Frameworks */,
				288765FD0DF74451002DB57D /* CoreGraphics.framework in Frameworks */,
				0037FE570F3128F600A6A599 /* Security.framework in Frameworks */,
			);
			runOnlyForDeploymentPostprocessing = 0;
		};
/* End PBXFrameworksBuildPhase section */

/* Begin PBXGroup section */
		006335B90F30F07600B4F38F /* JSON */ = {
			isa = PBXGroup;
			children = (
				006335BA0F30F08600B4F38F /* JSON.h */,
				006335BB0F30F08600B4F38F /* NSObject+SBJSON.h */,
				006335BC0F30F08600B4F38F /* NSObject+SBJSON.m */,
				006335BD0F30F08600B4F38F /* NSString+SBJSON.h */,
				006335BE0F30F08600B4F38F /* NSString+SBJSON.m */,
				006335BF0F30F08600B4F38F /* SBJSON.h */,
				006335C00F30F08600B4F38F /* SBJSON.m */,
			);
			name = JSON;
			sourceTree = "<group>";
		};
		00B464AB100CDEE400A62118 /* Settings */ = {
			isa = PBXGroup;
			children = (
				00E1A98C0F328F6D005D7E18 /* SettingsAdvancedOptions.h */,
				00E1A98D0F328F6D005D7E18 /* SettingsAdvancedOptions.m */,
				0015208C0F38ED960037A2C8 /* SettingsHomeFeed.h */,
				0015208D0F38ED960037A2C8 /* SettingsHomeFeed.m */,
				0023CE800F2FE45300E113B8 /* SettingsViewController.h */,
				0023CE810F2FE45300E113B8 /* SettingsViewController.m */,
				00A5BF95100B8D9800E18AA5 /* SettingsPush.h */,
				00A5BF96100B8D9800E18AA5 /* SettingsPush.m */,
			);
			name = Settings;
			sourceTree = "<group>";
		};
		00B464AC100CDF3000A62118 /* Settings */ = {
			isa = PBXGroup;
			children = (
				0014F2340F32621300A5AFF9 /* DataSettings.h */,
				0014F2350F32621300A5AFF9 /* DataSettings.m */,
				00B46457100CDABF00A62118 /* DataSettingsHomeFeed.h */,
				00B46458100CDABF00A62118 /* DataSettingsHomeFeed.m */,
				00B46459100CDABF00A62118 /* DataSettingsPush.h */,
				00B4645A100CDABF00A62118 /* DataSettingsPush.m */,
			);
			name = Settings;
			sourceTree = "<group>";
		};
		00D521550F2FBDCB00FB3A8A /* Images */ = {
			isa = PBXGroup;
			children = (
				008EBC560F439F85000A6C6D /* lock.png */,
				00B48D7C0F38FFC100499D40 /* no_photo_small.png */,
				00808FBD0F37ABA8004AB665 /* thread_gray.png */,
				00808FBE0F37ABA8004AB665 /* user_gray.png */,
				00CD2BB80F37950F002714AD /* arrow_down.png */,
				00CD2BB90F37950F002714AD /* arrow_up.png */,
				009BA0790F33ED6600C6A098 /* paperclip.png */,
				009C15100F2FE16800489B43 /* directory.png */,
				009C15110F2FE16800489B43 /* feeds.png */,
				009C15120F2FE16800489B43 /* settings.png */,
				00D522990F2FD3E800FB3A8A /* home.png */,
				00D5229A0F2FD3E800FB3A8A /* title.png */,
				00D521580F2FBDFA00FB3A8A /* yammer_header.png */,
			);
			name = Images;
			sourceTree = "<group>";
		};
		00D5215C0F2FBE1800FB3A8A /* Controller */ = {
			isa = PBXGroup;
			children = (
				00B464AB100CDEE400A62118 /* Settings */,
				006335F00F30F9D500B4F38F /* SpinnerViewController.h */,
				006335F10F30F9D500B4F38F /* SpinnerViewController.m */,
				0023CE7A0F2FE2FE00E113B8 /* DirectoryViewController.h */,
				0023CE7B0F2FE2FE00E113B8 /* DirectoryViewController.m */,
				00CACAD20F3380870010886C /* DirectoryUserProfile.h */,
				00CACAD30F3380870010886C /* DirectoryUserProfile.m */,
				009C150D0F2FE00500489B43 /* FeedsViewController.h */,
				009C150E0F2FE00500489B43 /* FeedsViewController.m */,
				00D2B18A0F3398AD00551085 /* FeedMessageList.h */,
				00D2B18B0F3398AD00551085 /* FeedMessageList.m */,
				004A388D0F3773990086C2A6 /* MessageViewController.h */,
				004A388E0F3773990086C2A6 /* MessageViewController.m */,
				00808FC50F37AD0D004AB665 /* ReplyViewController.h */,
				00808FC60F37AD0D004AB665 /* ReplyViewController.m */,
				00D5218B0F2FC42800FB3A8A /* MainTabBarController.h */,
				00D5218C0F2FC42800FB3A8A /* MainTabBarController.m */,
			);
			name = Controller;
			sourceTree = "<group>";
		};
		00D5215E0F2FBE2600FB3A8A /* Util */ = {
			isa = PBXGroup;
			children = (
				009BA0650F33EAC000C6A098 /* NSDate-Ago.h */,
				009BA0660F33EAC000C6A098 /* NSDate-Ago.m */,
				0080512C0F3371BC00592204 /* ImageCache.h */,
				0080512D0F3371BC00592204 /* ImageCache.m */,
				0014F1480F32544400A5AFF9 /* APIGateway.h */,
				0014F1490F32544400A5AFF9 /* APIGateway.m */,
				0014F13F0F324FFE00A5AFF9 /* OAuthCustom.h */,
				0014F1400F324FFE00A5AFF9 /* OAuthGateway.h */,
				0014F1410F324FFE00A5AFF9 /* OAuthGateway.m */,
				00AFB6240F363E6C008E2C74 /* OAuthPostURLEncoded.h */,
				00AFB6250F363E6C008E2C74 /* OAuthPostURLEncoded.m */,
				004A38560F37668A0086C2A6 /* OAuthPostMultipart.h */,
				004A38570F37668A0086C2A6 /* OAuthPostMultipart.m */,
				00D521690F2FC03B00FB3A8A /* LocalStorage.h */,
				00D5216A0F2FC03B00FB3A8A /* LocalStorage.m */,
			);
			name = Util;
			sourceTree = "<group>";
		};
		00D5215F0F2FBE3300FB3A8A /* OAuth */ = {
			isa = PBXGroup;
			children = (
				0037FE5A0F31290800A6A599 /* Base64Transcoder.c */,
				0037FE5B0F31290800A6A599 /* Base64Transcoder.h */,
				0037FE5C0F31290800A6A599 /* hmac.c */,
				0037FE5D0F31290800A6A599 /* hmac.h */,
				0037FE5E0F31290800A6A599 /* sha1.c */,
				0037FE5F0F31290800A6A599 /* sha1.h */,
				0037FDF40F31270D00A6A599 /* NSMutableURLRequest+Parameters.h */,
				0037FDF50F31270D00A6A599 /* NSMutableURLRequest+Parameters.m */,
				0037FDF60F31270D00A6A599 /* NSString+URLEncoding.h */,
				0037FDF70F31270D00A6A599 /* NSString+URLEncoding.m */,
				0037FDF80F31270D00A6A599 /* NSURL+Base.h */,
				0037FDF90F31270D00A6A599 /* NSURL+Base.m */,
				0037FDFA0F31270D00A6A599 /* OAConsumer.h */,
				0037FDFB0F31270D00A6A599 /* OAConsumer.m */,
				0037FDFC0F31270D00A6A599 /* OADataFetcher.h */,
				0037FDFD0F31270D00A6A599 /* OADataFetcher.m */,
				0037FDFE0F31270D00A6A599 /* OAHMAC_SHA1SignatureProvider.h */,
				0037FDFF0F31270D00A6A599 /* OAHMAC_SHA1SignatureProvider.m */,
				0037FE000F31270D00A6A599 /* OAMutableURLRequest.h */,
				0037FE010F31270D00A6A599 /* OAMutableURLRequest.m */,
				0037FE020F31270D00A6A599 /* OAPlaintextSignatureProvider.h */,
				0037FE030F31270D00A6A599 /* OAPlaintextSignatureProvider.m */,
				0037FE040F31270D00A6A599 /* OARequestParameter.h */,
				0037FE050F31270D00A6A599 /* OARequestParameter.m */,
				0037FE060F31270D00A6A599 /* OAServiceTicket.h */,
				0037FE070F31270D00A6A599 /* OAServiceTicket.m */,
				0037FE080F31270D00A6A599 /* OASignatureProviding.h */,
				0037FE090F31270D00A6A599 /* OAToken.h */,
				0037FE0A0F31270D00A6A599 /* OAToken.m */,
				0037FE0B0F31270D00A6A599 /* OAuthConsumer.h */,
			);
			name = OAuth;
			sourceTree = "<group>";
		};
		00DCE7B80F30D6D70020F864 /* DataSource */ = {
			isa = PBXGroup;
			children = (
				00B464AC100CDF3000A62118 /* Settings */,
				00CACB090F3384460010886C /* DirectoryUserDataSource.h */,
				00CACB0A0F3384460010886C /* DirectoryUserDataSource.m */,
				007BE6370F336CE5006C79D1 /* DirectoryTableDataSource.h */,
				007BE6380F336CE5006C79D1 /* DirectoryTableDataSource.m */,
				0063362A0F31160C00B4F38F /* FeedsTableDataSource.h */,
				0063362B0F31160C00B4F38F /* FeedsTableDataSource.m */,
				00D2B18D0F339A5800551085 /* FeedDataSource.h */,
				00D2B18E0F339A5800551085 /* FeedDataSource.m */,
			);
			name = DataSource;
			sourceTree = "<group>";
		};
		00F806360F33AE1E0004DDA2 /* Interface */ = {
			isa = PBXGroup;
			children = (
				00F8063C0F33AEB00004DDA2 /* MessageTableCell.h */,
				00F8063D0F33AEB00004DDA2 /* MessageTableCell.m */,
				004A38BA0F377EB90086C2A6 /* MessageWebView.h */,
				004A38BB0F377EB90086C2A6 /* MessageWebView.m */,
			);
			name = Interface;
			sourceTree = "<group>";
		};
		080E96DDFE201D6D7F000001 /* Classes */ = {
			isa = PBXGroup;
			children = (
				006335B90F30F07600B4F38F /* JSON */,
				00DCE7B80F30D6D70020F864 /* DataSource */,
				00D5215F0F2FBE3300FB3A8A /* OAuth */,
				00D5215E0F2FBE2600FB3A8A /* Util */,
				00F806360F33AE1E0004DDA2 /* Interface */,
				00D5215C0F2FBE1800FB3A8A /* Controller */,
				1D3623240D0F684500981E51 /* YammerAppDelegate.h */,
				1D3623250D0F684500981E51 /* YammerAppDelegate.m */,
			);
			path = Classes;
			sourceTree = "<group>";
		};
		19C28FACFE9D520D11CA2CBB /* Products */ = {
			isa = PBXGroup;
			children = (
				1D6058910D05DD3D006BFB54 /* Yammer.app */,
			);
			name = Products;
			sourceTree = "<group>";
		};
		29B97314FDCFA39411CA2CEA /* CustomTemplate */ = {
			isa = PBXGroup;
			children = (
				00B48DEA0F3913B200499D40 /* dist.plist */,
				080E96DDFE201D6D7F000001 /* Classes */,
				29B97315FDCFA39411CA2CEA /* Other Sources */,
				29B97317FDCFA39411CA2CEA /* Resources */,
				29B97323FDCFA39411CA2CEA /* Frameworks */,
				19C28FACFE9D520D11CA2CBB /* Products */,
				0077C1BD0F9FD1290097605D /* Entitlements.plist */,
			);
			name = CustomTemplate;
			sourceTree = "<group>";
		};
		29B97315FDCFA39411CA2CEA /* Other Sources */ = {
			isa = PBXGroup;
			children = (
				32CA4F630368D1EE00C91783 /* Yammer_Prefix.pch */,
				29B97316FDCFA39411CA2CEA /* main.m */,
			);
			name = "Other Sources";
			sourceTree = "<group>";
		};
		29B97317FDCFA39411CA2CEA /* Resources */ = {
			isa = PBXGroup;
			children = (
				00D050D80FFD4D4E00CEF89D /* yammer_sound.wav */,
				009C14E00F2FDB5400489B43 /* Icon.png */,
				00D521550F2FBDCB00FB3A8A /* Images */,
				28AD733E0D9D9553002E5188 /* MainWindow.xib */,
				8D1107310486CEB800E47090 /* Info.plist */,
				00DCE7DF0F30D94C0020F864 /* Default.png */,
			);
			name = Resources;
			sourceTree = "<group>";
		};
		29B97323FDCFA39411CA2CEA /* Frameworks */ = {
			isa = PBXGroup;
			children = (
				0037FE560F3128F600A6A599 /* Security.framework */,
				1DF5F4DF0D08C38300B7A737 /* UIKit.framework */,
				1D30AB110D05D00D00671497 /* Foundation.framework */,
				288765FC0DF74451002DB57D /* CoreGraphics.framework */,
			);
			name = Frameworks;
			sourceTree = "<group>";
		};
/* End PBXGroup section */

/* Begin PBXNativeTarget section */
		1D6058900D05DD3D006BFB54 /* Yammer */ = {
			isa = PBXNativeTarget;
			buildConfigurationList = 1D6058960D05DD3E006BFB54 /* Build configuration list for PBXNativeTarget "Yammer" */;
			buildPhases = (
				1D60588D0D05DD3D006BFB54 /* Resources */,
				1D60588E0D05DD3D006BFB54 /* Sources */,
				1D60588F0D05DD3D006BFB54 /* Frameworks */,
			);
			buildRules = (
			);
			dependencies = (
			);
			name = Yammer;
			productName = Yammer;
			productReference = 1D6058910D05DD3D006BFB54 /* Yammer.app */;
			productType = "com.apple.product-type.application";
		};
/* End PBXNativeTarget section */

/* Begin PBXProject section */
		29B97313FDCFA39411CA2CEA /* Project object */ = {
			isa = PBXProject;
			buildConfigurationList = C01FCF4E08A954540054247B /* Build configuration list for PBXProject "Yammer" */;
			compatibilityVersion = "Xcode 3.1";
			hasScannedForEncodings = 1;
			mainGroup = 29B97314FDCFA39411CA2CEA /* CustomTemplate */;
			projectDirPath = "";
			projectRoot = "";
			targets = (
				1D6058900D05DD3D006BFB54 /* Yammer */,
			);
		};
/* End PBXProject section */

/* Begin PBXResourcesBuildPhase section */
		1D60588D0D05DD3D006BFB54 /* Resources */ = {
			isa = PBXResourcesBuildPhase;
			buildActionMask = 2147483647;
			files = (
				28AD733F0D9D9553002E5188 /* MainWindow.xib in Resources */,
				00D521590F2FBDFA00FB3A8A /* yammer_header.png in Resources */,
				00D5229B0F2FD3E800FB3A8A /* home.png in Resources */,
				00D5229C0F2FD3E800FB3A8A /* title.png in Resources */,
				009C14E10F2FDB5400489B43 /* Icon.png in Resources */,
				009C15130F2FE16800489B43 /* directory.png in Resources */,
				009C15140F2FE16800489B43 /* feeds.png in Resources */,
				009C15150F2FE16800489B43 /* settings.png in Resources */,
				00DCE7E00F30D94C0020F864 /* Default.png in Resources */,
				009BA07A0F33ED6600C6A098 /* paperclip.png in Resources */,
				00CD2BBA0F37950F002714AD /* arrow_down.png in Resources */,
				00CD2BBB0F37950F002714AD /* arrow_up.png in Resources */,
				00808FBF0F37ABA8004AB665 /* thread_gray.png in Resources */,
				00808FC00F37ABA8004AB665 /* user_gray.png in Resources */,
				00B48D7D0F38FFC100499D40 /* no_photo_small.png in Resources */,
				00B48DEB0F3913B200499D40 /* dist.plist in Resources */,
				008EBC570F439F85000A6C6D /* lock.png in Resources */,
				0077C1BE0F9FD1290097605D /* Entitlements.plist in Resources */,
				00D050D90FFD4D4E00CEF89D /* yammer_sound.wav in Resources */,
			);
			runOnlyForDeploymentPostprocessing = 0;
		};
/* End PBXResourcesBuildPhase section */

/* Begin PBXSourcesBuildPhase section */
		1D60588E0D05DD3D006BFB54 /* Sources */ = {
			isa = PBXSourcesBuildPhase;
			buildActionMask = 2147483647;
			files = (
				1D60589B0D05DD56006BFB54 /* main.m in Sources */,
				1D3623260D0F684500981E51 /* YammerAppDelegate.m in Sources */,
				00D5216B0F2FC03B00FB3A8A /* LocalStorage.m in Sources */,
				00D5218D0F2FC42800FB3A8A /* MainTabBarController.m in Sources */,
				009C150F0F2FE00500489B43 /* FeedsViewController.m in Sources */,
				0023CE7C0F2FE2FE00E113B8 /* DirectoryViewController.m in Sources */,
				0023CE820F2FE45300E113B8 /* SettingsViewController.m in Sources */,
				006335C10F30F08600B4F38F /* NSObject+SBJSON.m in Sources */,
				006335C20F30F08600B4F38F /* NSString+SBJSON.m in Sources */,
				006335C30F30F08600B4F38F /* SBJSON.m in Sources */,
				006335F20F30F9D500B4F38F /* SpinnerViewController.m in Sources */,
				0063362C0F31160C00B4F38F /* FeedsTableDataSource.m in Sources */,
				0037FE0C0F31270D00A6A599 /* NSMutableURLRequest+Parameters.m in Sources */,
				0037FE0D0F31270D00A6A599 /* NSString+URLEncoding.m in Sources */,
				0037FE0E0F31270D00A6A599 /* NSURL+Base.m in Sources */,
				0037FE0F0F31270D00A6A599 /* OAConsumer.m in Sources */,
				0037FE100F31270D00A6A599 /* OADataFetcher.m in Sources */,
				0037FE110F31270D00A6A599 /* OAHMAC_SHA1SignatureProvider.m in Sources */,
				0037FE120F31270D00A6A599 /* OAMutableURLRequest.m in Sources */,
				0037FE130F31270D00A6A599 /* OAPlaintextSignatureProvider.m in Sources */,
				0037FE140F31270D00A6A599 /* OARequestParameter.m in Sources */,
				0037FE150F31270D00A6A599 /* OAServiceTicket.m in Sources */,
				0037FE160F31270D00A6A599 /* OAToken.m in Sources */,
				0037FE600F31290800A6A599 /* Base64Transcoder.c in Sources */,
				0037FE610F31290800A6A599 /* hmac.c in Sources */,
				0037FE620F31290800A6A599 /* sha1.c in Sources */,
				0014F1420F324FFE00A5AFF9 /* OAuthGateway.m in Sources */,
				0014F14A0F32544400A5AFF9 /* APIGateway.m in Sources */,
				0014F2360F32621300A5AFF9 /* DataSettings.m in Sources */,
				00E1A98E0F328F6D005D7E18 /* SettingsAdvancedOptions.m in Sources */,
				007BE6390F336CE5006C79D1 /* DirectoryTableDataSource.m in Sources */,
				0080512E0F3371BC00592204 /* ImageCache.m in Sources */,
				00CACAD40F3380870010886C /* DirectoryUserProfile.m in Sources */,
				00CACB0B0F3384460010886C /* DirectoryUserDataSource.m in Sources */,
				00D2B18C0F3398AD00551085 /* FeedMessageList.m in Sources */,
				00D2B18F0F339A5800551085 /* FeedDataSource.m in Sources */,
				00F8063E0F33AEB00004DDA2 /* MessageTableCell.m in Sources */,
				009BA0670F33EAC000C6A098 /* NSDate-Ago.m in Sources */,
				00AFB6260F363E6C008E2C74 /* OAuthPostURLEncoded.m in Sources */,
				004A38580F37668A0086C2A6 /* OAuthPostMultipart.m in Sources */,
				004A388F0F3773990086C2A6 /* MessageViewController.m in Sources */,
				004A38BC0F377EB90086C2A6 /* MessageWebView.m in Sources */,
				00808FC70F37AD0D004AB665 /* ReplyViewController.m in Sources */,
				0015208E0F38ED960037A2C8 /* SettingsHomeFeed.m in Sources */,
				00A5BF97100B8D9800E18AA5 /* SettingsPush.m in Sources */,
				00B4645B100CDABF00A62118 /* DataSettingsHomeFeed.m in Sources */,
				00B4645C100CDABF00A62118 /* DataSettingsPush.m in Sources */,
			);
			runOnlyForDeploymentPostprocessing = 0;
		};
/* End PBXSourcesBuildPhase section */

/* Begin XCBuildConfiguration section */
		00A554A40F3A1D6600E7D34F /* DistStore */ = {
			isa = XCBuildConfiguration;
			buildSettings = {
				ARCHS = "$(ARCHS_STANDARD_32_BIT)";
				CODE_SIGN_ENTITLEMENTS = dist.plist;
				"CODE_SIGN_IDENTITY[sdk=iphoneos*]" = "iPhone Developer: Andrew Arrow";
				GCC_C_LANGUAGE_STANDARD = c99;
				GCC_WARN_ABOUT_RETURN_TYPE = YES;
				GCC_WARN_UNUSED_VARIABLE = YES;
				PREBINDING = NO;
				"PROVISIONING_PROFILE[sdk=iphoneos*]" = "";
				SDKROOT = iphoneos2.2;
			};
			name = DistStore;
		};
		00A554A50F3A1D6600E7D34F /* DistStore */ = {
			isa = XCBuildConfiguration;
			buildSettings = {
				ALWAYS_SEARCH_USER_PATHS = NO;
				"CODE_SIGN_IDENTITY[sdk=iphoneos*]" = "iPhone Developer: Andrew Arrow";
				COPY_PHASE_STRIP = YES;
				GCC_PRECOMPILE_PREFIX_HEADER = YES;
				GCC_PREFIX_HEADER = Yammer_Prefix.pch;
				INFOPLIST_FILE = Info.plist;
				PRODUCT_NAME = Yammer;
				"PROVISIONING_PROFILE[sdk=iphoneos*]" = "";
			};
			name = DistStore;
		};
		00B48E070F3915E100499D40 /* DistAdHoc */ = {
			isa = XCBuildConfiguration;
			buildSettings = {
				ARCHS = "$(ARCHS_STANDARD_32_BIT)";
				CODE_SIGN_ENTITLEMENTS = dist.plist;
				"CODE_SIGN_IDENTITY[sdk=iphoneos*]" = "iPhone Distribution: Geni, Inc.";
				GCC_C_LANGUAGE_STANDARD = c99;
				GCC_WARN_ABOUT_RETURN_TYPE = YES;
				GCC_WARN_UNUSED_VARIABLE = YES;
				PREBINDING = NO;
				"PROVISIONING_PROFILE[sdk=iphoneos*]" = "01C9717A-01E2-4CC4-B2C4-809F6D4C54F2";
				SDKROOT = iphoneos2.2;
			};
			name = DistAdHoc;
		};
		00B48E080F3915E100499D40 /* DistAdHoc */ = {
			isa = XCBuildConfiguration;
			buildSettings = {
				ALWAYS_SEARCH_USER_PATHS = NO;
				"CODE_SIGN_IDENTITY[sdk=iphoneos*]" = "iPhone Distribution: Geni, Inc.";
				COPY_PHASE_STRIP = YES;
				GCC_PRECOMPILE_PREFIX_HEADER = YES;
				GCC_PREFIX_HEADER = Yammer_Prefix.pch;
				INFOPLIST_FILE = Info.plist;
				PRODUCT_NAME = Yammer;
				"PROVISIONING_PROFILE[sdk=iphoneos*]" = "01C9717A-01E2-4CC4-B2C4-809F6D4C54F2";
			};
			name = DistAdHoc;
		};
		1D6058940D05DD3E006BFB54 /* Debug */ = {
			isa = XCBuildConfiguration;
			buildSettings = {
				ALWAYS_SEARCH_USER_PATHS = NO;
				CODE_SIGN_ENTITLEMENTS = "";
				CODE_SIGN_IDENTITY = "iPhone Developer: Andrew Arrow (69L9J483YE)";
				"CODE_SIGN_IDENTITY[sdk=iphoneos*]" = "iPhone Developer: Andrew Arrow (69L9J483YE)";
				COPY_PHASE_STRIP = NO;
				GCC_DYNAMIC_NO_PIC = NO;
				GCC_OPTIMIZATION_LEVEL = 0;
				GCC_PRECOMPILE_PREFIX_HEADER = YES;
				GCC_PREFIX_HEADER = Yammer_Prefix.pch;
				INFOPLIST_FILE = Info.plist;
				PRODUCT_NAME = Yammer;
				PROVISIONING_PROFILE = "E1DB8028-6116-48DC-ACB7-B8AD5F8E16C0";
				"PROVISIONING_PROFILE[sdk=iphoneos*]" = "E1DB8028-6116-48DC-ACB7-B8AD5F8E16C0";
				SDKROOT = iphoneos2.0;
			};
			name = Debug;
		};
		1D6058950D05DD3E006BFB54 /* Release */ = {
			isa = XCBuildConfiguration;
			buildSettings = {
				ALWAYS_SEARCH_USER_PATHS = NO;
				"CODE_SIGN_IDENTITY[sdk=iphoneos*]" = "iPhone Distribution: Geni, Inc.";
				COPY_PHASE_STRIP = YES;
				GCC_PRECOMPILE_PREFIX_HEADER = YES;
				GCC_PREFIX_HEADER = Yammer_Prefix.pch;
				INFOPLIST_FILE = Info.plist;
				PRODUCT_NAME = Yammer;
				"PROVISIONING_PROFILE[sdk=iphoneos*]" = "2C564286-8B80-46B5-BFAA-F40D19BE2A7D";
			};
			name = Release;
		};
		C01FCF4F08A954540054247B /* Debug */ = {
			isa = XCBuildConfiguration;
			buildSettings = {
				ARCHS = "$(ARCHS_STANDARD_32_BIT)";
				CODE_SIGN_ENTITLEMENTS = "";
				CODE_SIGN_IDENTITY = "iPhone Developer: Andrew Arrow (69L9J483YE)";
				"CODE_SIGN_IDENTITY[sdk=iphoneos*]" = "iPhone Developer: Andrew Arrow (69L9J483YE)";
				GCC_C_LANGUAGE_STANDARD = c99;
				GCC_WARN_ABOUT_RETURN_TYPE = YES;
				GCC_WARN_UNUSED_VARIABLE = YES;
				ONLY_ACTIVE_ARCH = YES;
				PREBINDING = NO;
				PROVISIONING_PROFILE = "E1DB8028-6116-48DC-ACB7-B8AD5F8E16C0";
				"PROVISIONING_PROFILE[sdk=iphoneos*]" = "E1DB8028-6116-48DC-ACB7-B8AD5F8E16C0";
				SDKROOT = iphoneos2.2.1;
			};
			name = Debug;
		};
		C01FCF5008A954540054247B /* Release */ = {
			isa = XCBuildConfiguration;
			buildSettings = {
				ARCHS = "$(ARCHS_STANDARD_32_BIT)";
				"CODE_SIGN_IDENTITY[sdk=iphoneos*]" = "iPhone Distribution: Geni, Inc.";
				GCC_C_LANGUAGE_STANDARD = c99;
				GCC_WARN_ABOUT_RETURN_TYPE = YES;
				GCC_WARN_UNUSED_VARIABLE = YES;
				PREBINDING = NO;
				"PROVISIONING_PROFILE[sdk=iphoneos*]" = "2C564286-8B80-46B5-BFAA-F40D19BE2A7D";
				SDKROOT = iphoneos2.2;
			};
			name = Release;
		};
/* End XCBuildConfiguration section */

/* Begin XCConfigurationList section */
		1D6058960D05DD3E006BFB54 /* Build configuration list for PBXNativeTarget "Yammer" */ = {
			isa = XCConfigurationList;
			buildConfigurations = (
				1D6058940D05DD3E006BFB54 /* Debug */,
				1D6058950D05DD3E006BFB54 /* Release */,
				00B48E080F3915E100499D40 /* DistAdHoc */,
				00A554A50F3A1D6600E7D34F /* DistStore */,
			);
			defaultConfigurationIsVisible = 0;
			defaultConfigurationName = Release;
		};
		C01FCF4E08A954540054247B /* Build configuration list for PBXProject "Yammer" */ = {
			isa = XCConfigurationList;
			buildConfigurations = (
				C01FCF4F08A954540054247B /* Debug */,
				C01FCF5008A954540054247B /* Release */,
				00B48E070F3915E100499D40 /* DistAdHoc */,
				00A554A40F3A1D6600E7D34F /* DistStore */,
			);
			defaultConfigurationIsVisible = 0;
			defaultConfigurationName = Release;
		};
/* End XCConfigurationList section */
	};
	rootObject = 29B97313FDCFA39411CA2CEA /* Project object */;
}
